%{
  "acceptor_pool": {:hex, :acceptor_pool, "1.0.0-rc.0", "679d741df87fc13599b1aef2df8f78f1f880449a6befab7c44fb6fae0e92a2de", [:rebar3], [], "hexpm"},
  "cors_plug": {:hex, :cors_plug, "1.5.2", "72df63c87e4f94112f458ce9d25800900cc88608c1078f0e4faddf20933eda6e", [:mix], [{:plug, "~> 1.3 or ~> 1.4 or ~> 1.5", [hex: :plug, repo: "hexpm", optional: false]}], "hexpm"},
  "cowboy": {:hex, :cowboy, "2.4.0", "f1b72fabe9c8a5fc64ac5ac85fb65474d64733d1df52a26fad5d4ba3d9f70a9f", [:rebar3], [{:cowlib, "~> 2.3.0", [hex: :cowlib, repo: "hexpm", optional: false]}, {:ranch, "~> 1.5.0", [hex: :ranch, repo: "hexpm", optional: false]}], "hexpm"},
  "cowlib": {:hex, :cowlib, "2.3.0", "bbd58ef537904e4f7c1dd62e6aa8bc831c8183ce4efa9bd1150164fe15be4caa", [:rebar3], [], "hexpm"},
  "dialyxir": {:hex, :dialyxir, "0.5.1", "b331b091720fd93e878137add264bac4f644e1ddae07a70bf7062c7862c4b952", [:mix], [], "hexpm"},
<<<<<<< HEAD
=======
  "dialyzex": {:hex, :dialyzex, "1.1.2", "759e6f27aaf0074cf392571e22d1a4722f92aa79e7077be2ed30c14da6dce793", [:mix], [], "hexpm"},
>>>>>>> feature-stream
  "exfmt": {:hex, :exfmt, "0.1.0", "b03a1d0e241f3776aa5c325e1553637a67b1952b0fed54b1196af1da338db8e7", [:mix], [], "hexpm"},
  "exsamples": {:hex, :exsamples, "0.1.0", "d048bcd815c7be5de22515d1b0f387e756fe2b04d386b72d17e39ba0da5d17b5", [:mix], [], "hexpm"},
  "gen_flow": {:hex, :gen_flow, "0.0.5", "2ff6abe3ed1c5c9bc41f81bf09364a3f63f96e4d378d45a2a2ddc4fc06f3484a", [:rebar3], [], "hexpm"},
  "goldrush": {:hex, :goldrush, "0.1.9", "f06e5d5f1277da5c413e84d5a2924174182fb108dabb39d5ec548b27424cd106", [:rebar3], [], "hexpm"},
  "lager": {:hex, :lager, "3.6.2", "2c72950a0e75ffd927dd35bc85ea30e7680a264c4bbd08b328250871ac456cc2", [:rebar3], [{:goldrush, "0.1.9", [hex: :goldrush, repo: "hexpm", optional: false]}], "hexpm"},
  "lasp": {:hex, :lasp, "0.8.2", "3c744b440e7294b61726941b6a2de6b011c5d95077d5788d20686fdd98f45d6a", [:rebar3], [{:gen_flow, "~> 0.0", [hex: :gen_flow, repo: "hexpm", optional: false]}, {:lager, "~>3.5", [hex: :lager, repo: "hexpm", optional: false]}, {:lasp_support, "~>0.0.3", [hex: :lasp_support, repo: "hexpm", optional: false]}, {:partisan, "1.3.3", [hex: :partisan, repo: "hexpm", optional: false]}, {:plumtree, "0.5.0", [hex: :plumtree, repo: "hexpm", optional: false]}, {:rand_compat, "~>0.0.3", [hex: :rand_compat, repo: "hexpm", optional: false]}, {:time_compat, "~>0.0.1", [hex: :time_compat, repo: "hexpm", optional: false]}, {:types, "~> 0.1", [hex: :types, repo: "hexpm", optional: false]}], "hexpm"},
  "lasp_support": {:hex, :lasp_support, "0.0.3", "c1b7e1a472037ae82c71d2d16a10b7d644a621b66ae5afe834cecf170f2e9169", [:rebar3], [{:lager, "~>3.5", [hex: :lager, repo: "hexpm", optional: false]}, {:time_compat, "~>0.0.1", [hex: :time_compat, repo: "hexpm", optional: false]}], "hexpm"},
  "mime": {:hex, :mime, "1.2.0", "78adaa84832b3680de06f88f0997e3ead3b451a440d183d688085be2d709b534", [:mix], [], "hexpm"},
  "partisan": {:hex, :partisan, "1.3.3", "1f2c02c782f1eba4d2d7199d253e0f674d0c783e6a0cb4f79e97d134cc6cfb78", [:rebar3], [{:acceptor_pool, "1.0.0-rc.0", [hex: :acceptor_pool, repo: "hexpm", optional: false]}, {:lager, "~> 3.5", [hex: :lager, repo: "hexpm", optional: false]}, {:types, "~> 0.1", [hex: :types, repo: "hexpm", optional: false]}], "hexpm"},
  "plug": {:hex, :plug, "1.5.1", "1ff35bdecfb616f1a2b1c935ab5e4c47303f866cb929d2a76f0541e553a58165", [:mix], [{:cowboy, "~> 1.0.1 or ~> 1.1 or ~> 2.3", [hex: :cowboy, repo: "hexpm", optional: true]}, {:mime, "~> 1.0", [hex: :mime, repo: "hexpm", optional: false]}], "hexpm"},
  "plumtree": {:hex, :plumtree, "0.5.0", "f3521ce631ad22ac00635e79c7f046a163bd1135889cdc1d0b18ab577f76ec70", [:rebar3], [{:lager, "~>3.5", [hex: :lager, repo: "hexpm", optional: false]}, {:lasp_support, "~>0.0", [hex: :lasp_support, repo: "hexpm", optional: false]}, {:partisan, "~>1.2", [hex: :partisan, repo: "hexpm", optional: false]}, {:rand_compat, "~>0.0.3", [hex: :rand_compat, repo: "hexpm", optional: false]}, {:time_compat, "~>0.0.1", [hex: :time_compat, repo: "hexpm", optional: false]}], "hexpm"},
  "poison": {:hex, :poison, "3.1.0", "d9eb636610e096f86f25d9a46f35a9facac35609a7591b3be3326e99a0484665", [:mix], [], "hexpm"},
  "ranch": {:hex, :ranch, "1.5.0", "f04166f456790fee2ac1aa05a02745cc75783c2bfb26d39faf6aefc9a3d3a58a", [:rebar3], [], "hexpm"},
  "rand_compat": {:hex, :rand_compat, "0.0.3", "011646bc1f0b0c432fe101b816f25b9bbb74a085713cee1dafd2d62e9415ead3", [:rebar3], [], "hexpm"},
  "time_compat": {:hex, :time_compat, "0.0.1", "23fe0ad1fdf3b5b88821b2d04b4b5e865bf587ae66056d671fe0f53514ed8139", [:rebar3], [], "hexpm"},
  "types": {:hex, :types, "0.1.8", "5782b67231e8c174fe2835395e71e669fe0121076779d2a09f1c0d58ee0e2f13", [:rebar3], [], "hexpm"},
}
